
Microsoft Visual Studio Solution File, Format Version 12.00
# Visual Studio 15
VisualStudioVersion = 15.0.27004.2002
MinimumVisualStudioVersion = 10.0.40219.1
Project("{FAE04EC0-301F-11D3-BF4B-00C04F79EFBC}") = "UkTote", "UkTote\UkTote.csproj", "{C9D8057C-9E98-4A01-9BC6-6DD2D5977951}"
EndProject
Project("{FAE04EC0-301F-11D3-BF4B-00C04F79EFBC}") = "UkTote.Tests", "UkTote.Tests\UkTote.Tests.csproj", "{E466EC12-858D-479B-B6C7-26B1036DDBBD}"
EndProject
Project("{FAE04EC0-301F-11D3-BF4B-00C04F79EFBC}") = "UkTote.UI", "UkTote.UI\UkTote.UI.csproj", "{27923F93-E511-40BB-99B3-890BD4BE5012}"
EndProject
Global
	GlobalSection(SolutionConfigurationPlatforms) = preSolution
		Debug|Any CPU = Debug|Any CPU
		Release|Any CPU = Release|Any CPU
	EndGlobalSection
	GlobalSection(ProjectConfigurationPlatforms) = postSolution
		{C9D8057C-9E98-4A01-9BC6-6DD2D5977951}.Debug|Any CPU.ActiveCfg = Debug|Any CPU
		{C9D8057C-9E98-4A01-9BC6-6DD2D5977951}.Debug|Any CPU.Build.0 = Debug|Any CPU
		{C9D8057C-9E98-4A01-9BC6-6DD2D5977951}.Release|Any CPU.ActiveCfg = Release|Any CPU
		{C9D8057C-9E98-4A01-9BC6-6DD2D5977951}.Release|Any CPU.Build.0 = Release|Any CPU
		{E466EC12-858D-479B-B6C7-26B1036DDBBD}.Debug|Any CPU.ActiveCfg = Debug|Any CPU
		{E466EC12-858D-479B-B6C7-26B1036DDBBD}.Debug|Any CPU.Build.0 = Debug|Any CPU
		{E466EC12-858D-479B-B6C7-26B1036DDBBD}.Release|Any CPU.ActiveCfg = Release|Any CPU
		{E466EC12-858D-479B-B6C7-26B1036DDBBD}.Release|Any CPU.Build.0 = Release|Any CPU
		{27923F93-E511-40BB-99B3-890BD4BE5012}.Debug|Any CPU.ActiveCfg = Debug|Any CPU
		{27923F93-E511-40BB-99B3-890BD4BE5012}.Debug|Any CPU.Build.0 = Debug|Any CPU
		{27923F93-E511-40BB-99B3-890BD4BE5012}.Release|Any CPU.ActiveCfg = Release|Any CPU
		{27923F93-E511-40BB-99B3-890BD4BE5012}.Release|Any CPU.Build.0 = Release|Any CPU
	EndGlobalSection
	GlobalSection(SolutionProperties) = preSolution
		HideSolutionNode = FALSE
	EndGlobalSection
	GlobalSection(ExtensibilityGlobals) = postSolution
		SolutionGuid = {40C669CE-A823-488E-82A2-C2750D5946F6}
	EndGlobalSection
EndGlobal
