
Microsoft Visual Studio Solution File, Format Version 12.00
# Visual Studio Version 17
VisualStudioVersion = 17.2.32616.157
MinimumVisualStudioVersion = 10.0.40219.1
Project("{FAE04EC0-301F-11D3-BF4B-00C04F79EFBC}") = "UkTote", "UkTote\UkTote.csproj", "{C9D8057C-9E98-4A01-9BC6-6DD2D5977951}"
EndProject
Project("{FAE04EC0-301F-11D3-BF4B-00C04F79EFBC}") = "UkTote.Tests", "UkTote.Tests\UkTote.Tests.csproj", "{E466EC12-858D-479B-B6C7-26B1036DDBBD}"
EndProject
Project("{FAE04EC0-301F-11D3-BF4B-00C04F79EFBC}") = "UkTote.UI", "UkTote.UI\UkTote.UI.csproj", "{27923F93-E511-40BB-99B3-890BD4BE5012}"
EndProject
Project("{C7167F0D-BC9F-4E6E-AFE1-012C56B48DB5}") = "UkTote.Package", "UkTote.Package\UkTote.Package.wapproj", "{805A32F1-6CC7-46E8-A08B-8EA5415BD453}"
EndProject
Project("{2150E333-8FDC-42A3-9474-1A3956D46DE8}") = "Solution Items", "Solution Items", "{921DB123-9A81-47C9-BE8F-A29525EC4142}"
	ProjectSection(SolutionItems) = preProject
		README.txt = README.txt
	EndProjectSection
EndProject
Global
	GlobalSection(SolutionConfigurationPlatforms) = preSolution
		Debug|Any CPU = Debug|Any CPU
		Debug|ARM = Debug|ARM
		Debug|ARM64 = Debug|ARM64
		Debug|x64 = Debug|x64
		Debug|x86 = Debug|x86
		DebugEightByteMoney|Any CPU = DebugEightByteMoney|Any CPU
		DebugEightByteMoney|ARM = DebugEightByteMoney|ARM
		DebugEightByteMoney|ARM64 = DebugEightByteMoney|ARM64
		DebugEightByteMoney|x64 = DebugEightByteMoney|x64
		DebugEightByteMoney|x86 = DebugEightByteMoney|x86
		Release|Any CPU = Release|Any CPU
		Release|ARM = Release|ARM
		Release|ARM64 = Release|ARM64
		Release|x64 = Release|x64
		Release|x86 = Release|x86
	EndGlobalSection
	GlobalSection(ProjectConfigurationPlatforms) = postSolution
		{C9D8057C-9E98-4A01-9BC6-6DD2D5977951}.Debug|Any CPU.ActiveCfg = Debug|Any CPU
		{C9D8057C-9E98-4A01-9BC6-6DD2D5977951}.Debug|Any CPU.Build.0 = Debug|Any CPU
		{C9D8057C-9E98-4A01-9BC6-6DD2D5977951}.Debug|ARM.ActiveCfg = Debug|Any CPU
		{C9D8057C-9E98-4A01-9BC6-6DD2D5977951}.Debug|ARM.Build.0 = Debug|Any CPU
		{C9D8057C-9E98-4A01-9BC6-6DD2D5977951}.Debug|ARM64.ActiveCfg = Debug|Any CPU
		{C9D8057C-9E98-4A01-9BC6-6DD2D5977951}.Debug|ARM64.Build.0 = Debug|Any CPU
		{C9D8057C-9E98-4A01-9BC6-6DD2D5977951}.Debug|x64.ActiveCfg = Debug|Any CPU
		{C9D8057C-9E98-4A01-9BC6-6DD2D5977951}.Debug|x64.Build.0 = Debug|Any CPU
		{C9D8057C-9E98-4A01-9BC6-6DD2D5977951}.Debug|x86.ActiveCfg = Debug|Any CPU
		{C9D8057C-9E98-4A01-9BC6-6DD2D5977951}.Debug|x86.Build.0 = Debug|Any CPU
		{C9D8057C-9E98-4A01-9BC6-6DD2D5977951}.DebugEightByteMoney|Any CPU.ActiveCfg = DebugEightByteMoney|Any CPU
		{C9D8057C-9E98-4A01-9BC6-6DD2D5977951}.DebugEightByteMoney|Any CPU.Build.0 = DebugEightByteMoney|Any CPU
		{C9D8057C-9E98-4A01-9BC6-6DD2D5977951}.DebugEightByteMoney|ARM.ActiveCfg = DebugEightByteMoney|Any CPU
		{C9D8057C-9E98-4A01-9BC6-6DD2D5977951}.DebugEightByteMoney|ARM.Build.0 = DebugEightByteMoney|Any CPU
		{C9D8057C-9E98-4A01-9BC6-6DD2D5977951}.DebugEightByteMoney|ARM64.ActiveCfg = DebugEightByteMoney|Any CPU
		{C9D8057C-9E98-4A01-9BC6-6DD2D5977951}.DebugEightByteMoney|ARM64.Build.0 = DebugEightByteMoney|Any CPU
		{C9D8057C-9E98-4A01-9BC6-6DD2D5977951}.DebugEightByteMoney|x64.ActiveCfg = DebugEightByteMoney|Any CPU
		{C9D8057C-9E98-4A01-9BC6-6DD2D5977951}.DebugEightByteMoney|x64.Build.0 = DebugEightByteMoney|Any CPU
		{C9D8057C-9E98-4A01-9BC6-6DD2D5977951}.DebugEightByteMoney|x86.ActiveCfg = DebugEightByteMoney|Any CPU
		{C9D8057C-9E98-4A01-9BC6-6DD2D5977951}.DebugEightByteMoney|x86.Build.0 = DebugEightByteMoney|Any CPU
		{C9D8057C-9E98-4A01-9BC6-6DD2D5977951}.Release|Any CPU.ActiveCfg = Release|Any CPU
		{C9D8057C-9E98-4A01-9BC6-6DD2D5977951}.Release|Any CPU.Build.0 = Release|Any CPU
		{C9D8057C-9E98-4A01-9BC6-6DD2D5977951}.Release|ARM.ActiveCfg = Release|Any CPU
		{C9D8057C-9E98-4A01-9BC6-6DD2D5977951}.Release|ARM.Build.0 = Release|Any CPU
		{C9D8057C-9E98-4A01-9BC6-6DD2D5977951}.Release|ARM64.ActiveCfg = Release|Any CPU
		{C9D8057C-9E98-4A01-9BC6-6DD2D5977951}.Release|ARM64.Build.0 = Release|Any CPU
		{C9D8057C-9E98-4A01-9BC6-6DD2D5977951}.Release|x64.ActiveCfg = Release|Any CPU
		{C9D8057C-9E98-4A01-9BC6-6DD2D5977951}.Release|x64.Build.0 = Release|Any CPU
		{C9D8057C-9E98-4A01-9BC6-6DD2D5977951}.Release|x86.ActiveCfg = Release|Any CPU
		{C9D8057C-9E98-4A01-9BC6-6DD2D5977951}.Release|x86.Build.0 = Release|Any CPU
		{E466EC12-858D-479B-B6C7-26B1036DDBBD}.Debug|Any CPU.ActiveCfg = Debug|Any CPU
		{E466EC12-858D-479B-B6C7-26B1036DDBBD}.Debug|Any CPU.Build.0 = Debug|Any CPU
		{E466EC12-858D-479B-B6C7-26B1036DDBBD}.Debug|ARM.ActiveCfg = Debug|Any CPU
		{E466EC12-858D-479B-B6C7-26B1036DDBBD}.Debug|ARM.Build.0 = Debug|Any CPU
		{E466EC12-858D-479B-B6C7-26B1036DDBBD}.Debug|ARM64.ActiveCfg = Debug|Any CPU
		{E466EC12-858D-479B-B6C7-26B1036DDBBD}.Debug|ARM64.Build.0 = Debug|Any CPU
		{E466EC12-858D-479B-B6C7-26B1036DDBBD}.Debug|x64.ActiveCfg = Debug|Any CPU
		{E466EC12-858D-479B-B6C7-26B1036DDBBD}.Debug|x64.Build.0 = Debug|Any CPU
		{E466EC12-858D-479B-B6C7-26B1036DDBBD}.Debug|x86.ActiveCfg = Debug|Any CPU
		{E466EC12-858D-479B-B6C7-26B1036DDBBD}.Debug|x86.Build.0 = Debug|Any CPU
		{E466EC12-858D-479B-B6C7-26B1036DDBBD}.DebugEightByteMoney|Any CPU.ActiveCfg = Debug|Any CPU
		{E466EC12-858D-479B-B6C7-26B1036DDBBD}.DebugEightByteMoney|Any CPU.Build.0 = Debug|Any CPU
		{E466EC12-858D-479B-B6C7-26B1036DDBBD}.DebugEightByteMoney|ARM.ActiveCfg = Debug|Any CPU
		{E466EC12-858D-479B-B6C7-26B1036DDBBD}.DebugEightByteMoney|ARM.Build.0 = Debug|Any CPU
		{E466EC12-858D-479B-B6C7-26B1036DDBBD}.DebugEightByteMoney|ARM64.ActiveCfg = Debug|Any CPU
		{E466EC12-858D-479B-B6C7-26B1036DDBBD}.DebugEightByteMoney|ARM64.Build.0 = Debug|Any CPU
		{E466EC12-858D-479B-B6C7-26B1036DDBBD}.DebugEightByteMoney|x64.ActiveCfg = Debug|Any CPU
		{E466EC12-858D-479B-B6C7-26B1036DDBBD}.DebugEightByteMoney|x64.Build.0 = Debug|Any CPU
		{E466EC12-858D-479B-B6C7-26B1036DDBBD}.DebugEightByteMoney|x86.ActiveCfg = Debug|Any CPU
		{E466EC12-858D-479B-B6C7-26B1036DDBBD}.DebugEightByteMoney|x86.Build.0 = Debug|Any CPU
		{E466EC12-858D-479B-B6C7-26B1036DDBBD}.Release|Any CPU.ActiveCfg = Release|Any CPU
		{E466EC12-858D-479B-B6C7-26B1036DDBBD}.Release|Any CPU.Build.0 = Release|Any CPU
		{E466EC12-858D-479B-B6C7-26B1036DDBBD}.Release|ARM.ActiveCfg = Release|Any CPU
		{E466EC12-858D-479B-B6C7-26B1036DDBBD}.Release|ARM.Build.0 = Release|Any CPU
		{E466EC12-858D-479B-B6C7-26B1036DDBBD}.Release|ARM64.ActiveCfg = Release|Any CPU
		{E466EC12-858D-479B-B6C7-26B1036DDBBD}.Release|ARM64.Build.0 = Release|Any CPU
		{E466EC12-858D-479B-B6C7-26B1036DDBBD}.Release|x64.ActiveCfg = Release|Any CPU
		{E466EC12-858D-479B-B6C7-26B1036DDBBD}.Release|x64.Build.0 = Release|Any CPU
		{E466EC12-858D-479B-B6C7-26B1036DDBBD}.Release|x86.ActiveCfg = Release|Any CPU
		{E466EC12-858D-479B-B6C7-26B1036DDBBD}.Release|x86.Build.0 = Release|Any CPU
		{27923F93-E511-40BB-99B3-890BD4BE5012}.Debug|Any CPU.ActiveCfg = Debug|Any CPU
		{27923F93-E511-40BB-99B3-890BD4BE5012}.Debug|Any CPU.Build.0 = Debug|Any CPU
		{27923F93-E511-40BB-99B3-890BD4BE5012}.Debug|ARM.ActiveCfg = Debug|Any CPU
		{27923F93-E511-40BB-99B3-890BD4BE5012}.Debug|ARM.Build.0 = Debug|Any CPU
		{27923F93-E511-40BB-99B3-890BD4BE5012}.Debug|ARM64.ActiveCfg = Debug|Any CPU
		{27923F93-E511-40BB-99B3-890BD4BE5012}.Debug|ARM64.Build.0 = Debug|Any CPU
		{27923F93-E511-40BB-99B3-890BD4BE5012}.Debug|x64.ActiveCfg = Debug|Any CPU
		{27923F93-E511-40BB-99B3-890BD4BE5012}.Debug|x64.Build.0 = Debug|Any CPU
		{27923F93-E511-40BB-99B3-890BD4BE5012}.Debug|x86.ActiveCfg = Debug|Any CPU
		{27923F93-E511-40BB-99B3-890BD4BE5012}.Debug|x86.Build.0 = Debug|Any CPU
		{27923F93-E511-40BB-99B3-890BD4BE5012}.DebugEightByteMoney|Any CPU.ActiveCfg = DebugEightByteMoney|Any CPU
		{27923F93-E511-40BB-99B3-890BD4BE5012}.DebugEightByteMoney|Any CPU.Build.0 = DebugEightByteMoney|Any CPU
		{27923F93-E511-40BB-99B3-890BD4BE5012}.DebugEightByteMoney|ARM.ActiveCfg = DebugEightByteMoney|Any CPU
		{27923F93-E511-40BB-99B3-890BD4BE5012}.DebugEightByteMoney|ARM.Build.0 = DebugEightByteMoney|Any CPU
		{27923F93-E511-40BB-99B3-890BD4BE5012}.DebugEightByteMoney|ARM64.ActiveCfg = DebugEightByteMoney|Any CPU
		{27923F93-E511-40BB-99B3-890BD4BE5012}.DebugEightByteMoney|ARM64.Build.0 = DebugEightByteMoney|Any CPU
		{27923F93-E511-40BB-99B3-890BD4BE5012}.DebugEightByteMoney|x64.ActiveCfg = DebugEightByteMoney|Any CPU
		{27923F93-E511-40BB-99B3-890BD4BE5012}.DebugEightByteMoney|x64.Build.0 = DebugEightByteMoney|Any CPU
		{27923F93-E511-40BB-99B3-890BD4BE5012}.DebugEightByteMoney|x86.ActiveCfg = DebugEightByteMoney|Any CPU
		{27923F93-E511-40BB-99B3-890BD4BE5012}.DebugEightByteMoney|x86.Build.0 = DebugEightByteMoney|Any CPU
		{27923F93-E511-40BB-99B3-890BD4BE5012}.Release|Any CPU.ActiveCfg = Release|Any CPU
		{27923F93-E511-40BB-99B3-890BD4BE5012}.Release|Any CPU.Build.0 = Release|Any CPU
		{27923F93-E511-40BB-99B3-890BD4BE5012}.Release|ARM.ActiveCfg = Release|Any CPU
		{27923F93-E511-40BB-99B3-890BD4BE5012}.Release|ARM.Build.0 = Release|Any CPU
		{27923F93-E511-40BB-99B3-890BD4BE5012}.Release|ARM64.ActiveCfg = Release|Any CPU
		{27923F93-E511-40BB-99B3-890BD4BE5012}.Release|ARM64.Build.0 = Release|Any CPU
		{27923F93-E511-40BB-99B3-890BD4BE5012}.Release|x64.ActiveCfg = Release|Any CPU
		{27923F93-E511-40BB-99B3-890BD4BE5012}.Release|x64.Build.0 = Release|Any CPU
		{27923F93-E511-40BB-99B3-890BD4BE5012}.Release|x86.ActiveCfg = Release|Any CPU
		{27923F93-E511-40BB-99B3-890BD4BE5012}.Release|x86.Build.0 = Release|Any CPU
		{805A32F1-6CC7-46E8-A08B-8EA5415BD453}.Debug|Any CPU.ActiveCfg = Debug|Any CPU
		{805A32F1-6CC7-46E8-A08B-8EA5415BD453}.Debug|Any CPU.Build.0 = Debug|Any CPU
		{805A32F1-6CC7-46E8-A08B-8EA5415BD453}.Debug|Any CPU.Deploy.0 = Debug|Any CPU
		{805A32F1-6CC7-46E8-A08B-8EA5415BD453}.Debug|ARM.ActiveCfg = Debug|ARM
		{805A32F1-6CC7-46E8-A08B-8EA5415BD453}.Debug|ARM.Build.0 = Debug|ARM
		{805A32F1-6CC7-46E8-A08B-8EA5415BD453}.Debug|ARM.Deploy.0 = Debug|ARM
		{805A32F1-6CC7-46E8-A08B-8EA5415BD453}.Debug|ARM64.ActiveCfg = Debug|ARM64
		{805A32F1-6CC7-46E8-A08B-8EA5415BD453}.Debug|ARM64.Build.0 = Debug|ARM64
		{805A32F1-6CC7-46E8-A08B-8EA5415BD453}.Debug|ARM64.Deploy.0 = Debug|ARM64
		{805A32F1-6CC7-46E8-A08B-8EA5415BD453}.Debug|x64.ActiveCfg = Debug|x64
		{805A32F1-6CC7-46E8-A08B-8EA5415BD453}.Debug|x64.Build.0 = Debug|x64
		{805A32F1-6CC7-46E8-A08B-8EA5415BD453}.Debug|x64.Deploy.0 = Debug|x64
		{805A32F1-6CC7-46E8-A08B-8EA5415BD453}.Debug|x86.ActiveCfg = Debug|x86
		{805A32F1-6CC7-46E8-A08B-8EA5415BD453}.Debug|x86.Build.0 = Debug|x86
		{805A32F1-6CC7-46E8-A08B-8EA5415BD453}.Debug|x86.Deploy.0 = Debug|x86
		{805A32F1-6CC7-46E8-A08B-8EA5415BD453}.DebugEightByteMoney|Any CPU.ActiveCfg = Debug|Any CPU
		{805A32F1-6CC7-46E8-A08B-8EA5415BD453}.DebugEightByteMoney|Any CPU.Build.0 = Debug|Any CPU
		{805A32F1-6CC7-46E8-A08B-8EA5415BD453}.DebugEightByteMoney|Any CPU.Deploy.0 = Debug|Any CPU
		{805A32F1-6CC7-46E8-A08B-8EA5415BD453}.DebugEightByteMoney|ARM.ActiveCfg = Debug|ARM
		{805A32F1-6CC7-46E8-A08B-8EA5415BD453}.DebugEightByteMoney|ARM.Build.0 = Debug|ARM
		{805A32F1-6CC7-46E8-A08B-8EA5415BD453}.DebugEightByteMoney|ARM.Deploy.0 = Debug|ARM
		{805A32F1-6CC7-46E8-A08B-8EA5415BD453}.DebugEightByteMoney|ARM64.ActiveCfg = Debug|ARM64
		{805A32F1-6CC7-46E8-A08B-8EA5415BD453}.DebugEightByteMoney|ARM64.Build.0 = Debug|ARM64
		{805A32F1-6CC7-46E8-A08B-8EA5415BD453}.DebugEightByteMoney|ARM64.Deploy.0 = Debug|ARM64
		{805A32F1-6CC7-46E8-A08B-8EA5415BD453}.DebugEightByteMoney|x64.ActiveCfg = Debug|x64
		{805A32F1-6CC7-46E8-A08B-8EA5415BD453}.DebugEightByteMoney|x64.Build.0 = Debug|x64
		{805A32F1-6CC7-46E8-A08B-8EA5415BD453}.DebugEightByteMoney|x64.Deploy.0 = Debug|x64
		{805A32F1-6CC7-46E8-A08B-8EA5415BD453}.DebugEightByteMoney|x86.ActiveCfg = Debug|x86
		{805A32F1-6CC7-46E8-A08B-8EA5415BD453}.DebugEightByteMoney|x86.Build.0 = Debug|x86
		{805A32F1-6CC7-46E8-A08B-8EA5415BD453}.DebugEightByteMoney|x86.Deploy.0 = Debug|x86
		{805A32F1-6CC7-46E8-A08B-8EA5415BD453}.Release|Any CPU.ActiveCfg = Release|Any CPU
		{805A32F1-6CC7-46E8-A08B-8EA5415BD453}.Release|Any CPU.Build.0 = Release|Any CPU
		{805A32F1-6CC7-46E8-A08B-8EA5415BD453}.Release|Any CPU.Deploy.0 = Release|Any CPU
		{805A32F1-6CC7-46E8-A08B-8EA5415BD453}.Release|ARM.ActiveCfg = Release|ARM
		{805A32F1-6CC7-46E8-A08B-8EA5415BD453}.Release|ARM.Build.0 = Release|ARM
		{805A32F1-6CC7-46E8-A08B-8EA5415BD453}.Release|ARM.Deploy.0 = Release|ARM
		{805A32F1-6CC7-46E8-A08B-8EA5415BD453}.Release|ARM64.ActiveCfg = Release|ARM64
		{805A32F1-6CC7-46E8-A08B-8EA5415BD453}.Release|ARM64.Build.0 = Release|ARM64
		{805A32F1-6CC7-46E8-A08B-8EA5415BD453}.Release|ARM64.Deploy.0 = Release|ARM64
		{805A32F1-6CC7-46E8-A08B-8EA5415BD453}.Release|x64.ActiveCfg = Release|x64
		{805A32F1-6CC7-46E8-A08B-8EA5415BD453}.Release|x64.Build.0 = Release|x64
		{805A32F1-6CC7-46E8-A08B-8EA5415BD453}.Release|x64.Deploy.0 = Release|x64
		{805A32F1-6CC7-46E8-A08B-8EA5415BD453}.Release|x86.ActiveCfg = Release|x86
		{805A32F1-6CC7-46E8-A08B-8EA5415BD453}.Release|x86.Build.0 = Release|x86
		{805A32F1-6CC7-46E8-A08B-8EA5415BD453}.Release|x86.Deploy.0 = Release|x86
	EndGlobalSection
	GlobalSection(SolutionProperties) = preSolution
		HideSolutionNode = FALSE
	EndGlobalSection
	GlobalSection(ExtensibilityGlobals) = postSolution
		SolutionGuid = {40C669CE-A823-488E-82A2-C2750D5946F6}
	EndGlobalSection
EndGlobal
