
Microsoft Visual Studio Solution File, Format Version 12.00
# Visual Studio Version 17
VisualStudioVersion = 17.2.32630.192
MinimumVisualStudioVersion = 10.0.40219.1
Project("{9A19103F-16F7-4668-BE54-9A1E7A4F7556}") = "WpfApp1", "WpfApp1\WpfApp1.csproj", "{7AE05433-7A5D-4F3E-AFDC-25FD6B6CF9E1}"
EndProject
Project("{FAE04EC0-301F-11D3-BF4B-00C04F79EFBC}") = "UkTote", "UkTote\UkTote.csproj", "{3FC1A5C2-02AA-4A86-9A54-A93D69DEE7B1}"
EndProject
Global
	GlobalSection(SolutionConfigurationPlatforms) = preSolution
		Debug|Any CPU = Debug|Any CPU
		Release|Any CPU = Release|Any CPU
	EndGlobalSection
	GlobalSection(ProjectConfigurationPlatforms) = postSolution
		{7AE05433-7A5D-4F3E-AFDC-25FD6B6CF9E1}.Debug|Any CPU.ActiveCfg = Debug|Any CPU
		{7AE05433-7A5D-4F3E-AFDC-25FD6B6CF9E1}.Debug|Any CPU.Build.0 = Debug|Any CPU
		{7AE05433-7A5D-4F3E-AFDC-25FD6B6CF9E1}.Release|Any CPU.ActiveCfg = Release|Any CPU
		{7AE05433-7A5D-4F3E-AFDC-25FD6B6CF9E1}.Release|Any CPU.Build.0 = Release|Any CPU
		{3FC1A5C2-02AA-4A86-9A54-A93D69DEE7B1}.Debug|Any CPU.ActiveCfg = Debug|Any CPU
		{3FC1A5C2-02AA-4A86-9A54-A93D69DEE7B1}.Debug|Any CPU.Build.0 = Debug|Any CPU
		{3FC1A5C2-02AA-4A86-9A54-A93D69DEE7B1}.Release|Any CPU.ActiveCfg = Release|Any CPU
		{3FC1A5C2-02AA-4A86-9A54-A93D69DEE7B1}.Release|Any CPU.Build.0 = Release|Any CPU
	EndGlobalSection
	GlobalSection(SolutionProperties) = preSolution
		HideSolutionNode = FALSE
	EndGlobalSection
	GlobalSection(ExtensibilityGlobals) = postSolution
		SolutionGuid = {FE13902C-67FB-4567-A841-500F4B018C5F}
	EndGlobalSection
EndGlobal
